{
    "_meta": {
        "hash": {
            "sha256": "ea208a6abe433c9834510cd0822c409c5e3d1dbf33666d428e9422e84c06db50"
        },
        "host-environment-markers": {
            "implementation_name": "cpython",
            "implementation_version": "3.6.4",
            "os_name": "posix",
            "platform_machine": "x86_64",
            "platform_python_implementation": "CPython",
            "platform_release": "4.13.0-36-generic",
            "platform_system": "Linux",
            "platform_version": "#40-Ubuntu SMP Fri Feb 16 20:07:48 UTC 2018",
            "python_full_version": "3.6.4",
            "python_version": "3.6",
            "sys_platform": "linux"
        },
        "pipfile-spec": 6,
        "requires": {},
        "sources": [
            {
                "name": "pypi",
                "url": "https://pypi.python.org/simple",
                "verify_ssl": true
            }
        ]
    },
    "default": {
        "colorama": {
            "hashes": [
                "sha256:463f8483208e921368c9f306094eb6f725c6ca42b0f97e313cb5d5512459feda",
                "sha256:48eb22f4f8461b1df5734a074b57042430fb06e1d61bd1e11b078c0fe6d7a1f1"
            ],
            "version": "==0.3.9"
        },
        "crayons": {
            "hashes": [
                "sha256:6f51241d0c4faec1c04c1c0ac6a68f1d66a4655476ce1570b3f37e5166a599cc",
                "sha256:5e17691605e564d63482067eb6327d01a584bbaf870beffd4456a3391bd8809d"
            ],
            "version": "==0.1.2"
        },
        "piexif": {
            "hashes": [
                "sha256:47befcbc9a6ee171a0b8c35b981eb02df2120427eb19418d257450b055c622ac",
                "sha256:1d3dde03bd6298393645bc11d585b67a6ea98fd7e9e1aded6d5d6ec3e4cfbdda"
            ],
            "version": "==1.0.13"
        },
        "pillow": {
            "hashes": [
                "sha256:718ec7a122b28d64afc5fbc3a9b99bb0545ef511373cac06fe7624520e82cb20",
                "sha256:801cca8923508311bf5d6d0f7da5362552e8208ebd8ec0d7b9f2cd2ff5705734",
                "sha256:43334f9581cd067945b8898cef9eb5714ee4883f8de0304c011f1dbdb1d4e2aa",
                "sha256:153ec6f18f7b61641e0e6e502acfaf4a06c9aba2ea11c0b4b3578ea9f13a4a4a",
                "sha256:25193f934d37d836a6b1f4c062ce574a96cbca7c6d9dc8ddfbbac7f9c54deaa4",
                "sha256:b85f703c2ffe539313e39ce0676bed0f355cec45a16e58c9ab7417445843047c",
                "sha256:8580fc58074a16b749905b26cf8363f7b628dd167ba0130f5382cdc91c86b509",
                "sha256:2fcde9954c8882d1c7f93bb828caa34a4c5e3ee69dbc7895dc8652ad972b455a",
                "sha256:1a5b93084e01328a1cb1ecdad99d11d75e881e89a95f88d85b523646553b36c2",
                "sha256:b2240f298482f823576f397bb9f32ea913ad9456c526e141bc6f0a022b37a3e8",
                "sha256:b1d33c63a55d0d85df0ad02b2c16158fb4d8153afa7b908f1a67330fac694cd6",
                "sha256:6977cf073d83358b34f93abf5c1f1193b88675fe0e4441e0e28318bc3dcba7a0",
                "sha256:1912b7230459fd53682dae32b83cbd8e5d642ba36d4be18566f00a9c063aa13d",
                "sha256:4bd4a71501b6d51db4abc07e1f43f5a6fed0a1a9583cca0b401d6af50284b0db",
                "sha256:0013f590a8f260df60bcfd65db19d18efc04e7f046c3c82a40e2e2b3292a937c",
                "sha256:a224651a81e45ef4f1d0164e256c5f6b4abb49f2ae8f22ba2f3a9d0ff338e608",
                "sha256:c793dfaa130847ccff958492b76ae8b9304e60b8a79a92962cb19e368276a22b",
                "sha256:0b899ee80920bb533f26581af9b4660bc12aff4562555afe74e429101ebf3c94",
                "sha256:9525cd680a6f9e80c6c0af03cf973e6505c59f60b4745f682cd1a449e54b31bb",
                "sha256:35f7d998b8e82fb3fb51ff88b30485eb81cd7dd56ec7e1a8deba23eb88532d44",
                "sha256:5b0d657460d9f3615876fec6306e97ca15a471f6169b622d76a47e270998acf1",
                "sha256:ddd16ab250b4fc97db1c47407e78c25216a75c29d29d10ad37e51b7a2ec7b2c3",
                "sha256:b9f63451084a718eccdeb1e382768c94647915653af4d6019f64560d9e98642b",
                "sha256:a370d1c570f1d72e877099651e752332444b1c5009381f043c9da5fd47f3ebae",
                "sha256:dc4b018d5c9b636f7546583c5591b9ea00c328c3e5871992ef5b95bac353f097",
                "sha256:e126ff4fed71e78333840c07279e1617f63cfca76d63ad5b27d65a7277206a3d",
                "sha256:fcf64c91fd44485100a2965d23bb0e227d093e91f7e776c5ca3b32574766eb56",
                "sha256:2c042352b430d678db50c78c5214e19638eff8b688941271da2de21fd298dfe5",
                "sha256:17fe25efc785194d48c38fad85dce470013ba19d2fb66639e149f14bccf1327f",
                "sha256:2e818dbe445e86fc6c266973fe540c35125c42eb2cf13a6095e9adaa89c0deb5",
                "sha256:135e9aa65150c53f7db85bf2bebb8a0e1a48ea850e80cf66e16dd04fa09d309c",
                "sha256:7dfbefdb3fb911ca9faed307bf309861e9995e36cca6b761c7ba6d9b77a9744a",
                "sha256:12f29d6c23424f704c66b5b68c02fe0b571504459605cfe36ab8158359b0e1bb",
                "sha256:f8d49be8c282df8d2e1ab6ab53ab8abd859b1fa6fed384457ee85c9eff64ef97",
                "sha256:82b172e3264e62372c01b5b009b5b1a02fbb9276cbe5cc57ab00a6d6e5ed9a18",
                "sha256:57aa6198ba8acba1313c3b743e267d821a60cac77e6026caf0b55ca58d3d23be",
                "sha256:d60c1625b108432ace8b1fa1a584017e5efa73f107d0f493c7f39c79bebf1d41",
                "sha256:82d1ff571489765df2816785d532e243bde213752156c227fca595723ec5ff42",
                "sha256:37cc0339abfa9e295c75d9a7f227d35cb44716feb95057f9449c4a9e9a17daf7",
                "sha256:931030d1d6282b7900e6b0a7ff9ecdb503b5e1e6781800dab2b71a9f39405bff",
                "sha256:5cd36804f9f06a914a883fe682df5711d16d7b4f44d43189c5f013e7cd91e149"
            ],
            "version": "==5.0.0"
        }
    },
    "develop": {}
}
